{
  "name": "Arkanoid",
  "lockfileVersion": 3,
  "requires": true,
  "packages": {
    "": {
      "workspaces": [
        "front",
        "back"
      ],
      "devDependencies": {
        "@babel/core": "...",
        "@babel/preset-env": "...",
        "eslint": "...",
        "jest": "...",
        "neostandard": "...",
        "ts-jest": "...",
        "typescript": "..."
      }
    },
    "...": {
      "dev": true
    },
    "node_modules/@babel/core": {
      "resolved": "...",
      "link": true
    },
    "node_modules/@babel/preset-env": {
      "resolved": "...",
      "link": true
    },
    "node_modules/eslint": {
      "resolved": "...",
      "link": true
    },
    "node_modules/jest": {
      "resolved": "...",
      "link": true
    },
    "node_modules/neostandard": {
      "resolved": "...",
      "link": true
    },
    "node_modules/ts-jest": {
      "resolved": "...",
      "link": true
    },
    "node_modules/typescript": {
      "resolved": "...",
      "link": true
    }
  }
}
